
Microsoft Visual Studio Solution File, Format Version 12.00
# Visual Studio 15
VisualStudioVersion = 15.0.26730.10
MinimumVisualStudioVersion = 10.0.40219.1
Project("{FAE04EC0-301F-11D3-BF4B-00C04F79EFBC}") = "Painter.Android", "Painter\Painter.Android\Painter.Android.csproj", "{2C5824A8-D087-4480-851F-01F1BF3217D3}"
EndProject
Project("{FAE04EC0-301F-11D3-BF4B-00C04F79EFBC}") = "Painter.iOS", "Painter\Painter.iOS\Painter.iOS.csproj", "{9AA59B9B-A021-4609-8E91-C155017F1F87}"
EndProject
Project("{FAE04EC0-301F-11D3-BF4B-00C04F79EFBC}") = "Painter", "Painter\Painter\Painter.csproj", "{EFAE3791-7756-4FDC-997E-CF7D81E731C9}"
EndProject
Global
	GlobalSection(SolutionConfigurationPlatforms) = preSolution
		Debug|Any CPU = Debug|Any CPU
		Debug|iPhone = Debug|iPhone
		Debug|iPhoneSimulator = Debug|iPhoneSimulator
		Release|Any CPU = Release|Any CPU
		Release|iPhone = Release|iPhone
		Release|iPhoneSimulator = Release|iPhoneSimulator
	EndGlobalSection
	GlobalSection(ProjectConfigurationPlatforms) = postSolution
		{2C5824A8-D087-4480-851F-01F1BF3217D3}.Debug|Any CPU.ActiveCfg = Debug|Any CPU
		{2C5824A8-D087-4480-851F-01F1BF3217D3}.Debug|Any CPU.Build.0 = Debug|Any CPU
		{2C5824A8-D087-4480-851F-01F1BF3217D3}.Debug|Any CPU.Deploy.0 = Debug|Any CPU
		{2C5824A8-D087-4480-851F-01F1BF3217D3}.Debug|iPhone.ActiveCfg = Debug|Any CPU
		{2C5824A8-D087-4480-851F-01F1BF3217D3}.Debug|iPhone.Build.0 = Debug|Any CPU
		{2C5824A8-D087-4480-851F-01F1BF3217D3}.Debug|iPhone.Deploy.0 = Debug|Any CPU
		{2C5824A8-D087-4480-851F-01F1BF3217D3}.Debug|iPhoneSimulator.ActiveCfg = Debug|Any CPU
		{2C5824A8-D087-4480-851F-01F1BF3217D3}.Debug|iPhoneSimulator.Build.0 = Debug|Any CPU
		{2C5824A8-D087-4480-851F-01F1BF3217D3}.Debug|iPhoneSimulator.Deploy.0 = Debug|Any CPU
		{2C5824A8-D087-4480-851F-01F1BF3217D3}.Release|Any CPU.ActiveCfg = Release|Any CPU
		{2C5824A8-D087-4480-851F-01F1BF3217D3}.Release|Any CPU.Build.0 = Release|Any CPU
		{2C5824A8-D087-4480-851F-01F1BF3217D3}.Release|Any CPU.Deploy.0 = Release|Any CPU
		{2C5824A8-D087-4480-851F-01F1BF3217D3}.Release|iPhone.ActiveCfg = Release|Any CPU
		{2C5824A8-D087-4480-851F-01F1BF3217D3}.Release|iPhone.Build.0 = Release|Any CPU
		{2C5824A8-D087-4480-851F-01F1BF3217D3}.Release|iPhone.Deploy.0 = Release|Any CPU
		{2C5824A8-D087-4480-851F-01F1BF3217D3}.Release|iPhoneSimulator.ActiveCfg = Release|Any CPU
		{2C5824A8-D087-4480-851F-01F1BF3217D3}.Release|iPhoneSimulator.Build.0 = Release|Any CPU
		{2C5824A8-D087-4480-851F-01F1BF3217D3}.Release|iPhoneSimulator.Deploy.0 = Release|Any CPU
		{9AA59B9B-A021-4609-8E91-C155017F1F87}.Debug|Any CPU.ActiveCfg = Debug|iPhone
		{9AA59B9B-A021-4609-8E91-C155017F1F87}.Debug|iPhone.ActiveCfg = Debug|iPhone
		{9AA59B9B-A021-4609-8E91-C155017F1F87}.Debug|iPhone.Build.0 = Debug|iPhone
		{9AA59B9B-A021-4609-8E91-C155017F1F87}.Debug|iPhoneSimulator.ActiveCfg = Debug|iPhoneSimulator
		{9AA59B9B-A021-4609-8E91-C155017F1F87}.Debug|iPhoneSimulator.Build.0 = Debug|iPhoneSimulator
		{9AA59B9B-A021-4609-8E91-C155017F1F87}.Release|Any CPU.ActiveCfg = Release|iPhone
		{9AA59B9B-A021-4609-8E91-C155017F1F87}.Release|iPhone.ActiveCfg = Release|iPhone
		{9AA59B9B-A021-4609-8E91-C155017F1F87}.Release|iPhone.Build.0 = Release|iPhone
		{9AA59B9B-A021-4609-8E91-C155017F1F87}.Release|iPhoneSimulator.ActiveCfg = Release|iPhoneSimulator
		{9AA59B9B-A021-4609-8E91-C155017F1F87}.Release|iPhoneSimulator.Build.0 = Release|iPhoneSimulator
		{EFAE3791-7756-4FDC-997E-CF7D81E731C9}.Debug|Any CPU.ActiveCfg = Debug|Any CPU
		{EFAE3791-7756-4FDC-997E-CF7D81E731C9}.Debug|Any CPU.Build.0 = Debug|Any CPU
		{EFAE3791-7756-4FDC-997E-CF7D81E731C9}.Debug|iPhone.ActiveCfg = Debug|Any CPU
		{EFAE3791-7756-4FDC-997E-CF7D81E731C9}.Debug|iPhone.Build.0 = Debug|Any CPU
		{EFAE3791-7756-4FDC-997E-CF7D81E731C9}.Debug|iPhoneSimulator.ActiveCfg = Debug|Any CPU
		{EFAE3791-7756-4FDC-997E-CF7D81E731C9}.Debug|iPhoneSimulator.Build.0 = Debug|Any CPU
		{EFAE3791-7756-4FDC-997E-CF7D81E731C9}.Release|Any CPU.ActiveCfg = Release|Any CPU
		{EFAE3791-7756-4FDC-997E-CF7D81E731C9}.Release|Any CPU.Build.0 = Release|Any CPU
		{EFAE3791-7756-4FDC-997E-CF7D81E731C9}.Release|iPhone.ActiveCfg = Release|Any CPU
		{EFAE3791-7756-4FDC-997E-CF7D81E731C9}.Release|iPhone.Build.0 = Release|Any CPU
		{EFAE3791-7756-4FDC-997E-CF7D81E731C9}.Release|iPhoneSimulator.ActiveCfg = Release|Any CPU
		{EFAE3791-7756-4FDC-997E-CF7D81E731C9}.Release|iPhoneSimulator.Build.0 = Release|Any CPU
	EndGlobalSection
	GlobalSection(SolutionProperties) = preSolution
		HideSolutionNode = FALSE
	EndGlobalSection
	GlobalSection(ExtensibilityGlobals) = postSolution
		SolutionGuid = {742FBE5D-758B-4429-8BCF-ABA71B6A9F80}
	EndGlobalSection
EndGlobal
